// !$*UTF8*$!
{
	archiveVersion = 1;
	classes = {
	};
	objectVersion = 56;
	objects = {

/* Begin PBXBuildFile section */
		7F452D952B532D4700D4A55E /* TheComposableArchitectureSampleApp.swift in Sources */ = {isa = PBXBuildFile; fileRef = 7F452D942B532D4700D4A55E /* TheComposableArchitectureSampleApp.swift */; };
		7F452D972B532D4700D4A55E /* ContentView.swift in Sources */ = {isa = PBXBuildFile; fileRef = 7F452D962B532D4700D4A55E /* ContentView.swift */; };
		7F452D992B532D4800D4A55E /* Assets.xcassets in Resources */ = {isa = PBXBuildFile; fileRef = 7F452D982B532D4800D4A55E /* Assets.xcassets */; };
		7F452D9C2B532D4800D4A55E /* Preview Assets.xcassets in Resources */ = {isa = PBXBuildFile; fileRef = 7F452D9B2B532D4800D4A55E /* Preview Assets.xcassets */; };
		7F452DA62B532D4800D4A55E /* TheComposableArchitectureSampleTests.swift in Sources */ = {isa = PBXBuildFile; fileRef = 7F452DA52B532D4800D4A55E /* TheComposableArchitectureSampleTests.swift */; };
		7F452DB02B532D4800D4A55E /* TheComposableArchitectureSampleUITests.swift in Sources */ = {isa = PBXBuildFile; fileRef = 7F452DAF2B532D4800D4A55E /* TheComposableArchitectureSampleUITests.swift */; };
		7F452DB22B532D4800D4A55E /* TheComposableArchitectureSampleUITestsLaunchTests.swift in Sources */ = {isa = PBXBuildFile; fileRef = 7F452DB12B532D4800D4A55E /* TheComposableArchitectureSampleUITestsLaunchTests.swift */; };
		7F452DC02B53318700D4A55E /* ComposableArchitecture in Frameworks */ = {isa = PBXBuildFile; productRef = 7F452DBF2B53318700D4A55E /* ComposableArchitecture */; };
		7F452DC32B53327B00D4A55E /* CounterFeature.swift in Sources */ = {isa = PBXBuildFile; fileRef = 7F452DC22B53327B00D4A55E /* CounterFeature.swift */; };
		7F452DC62B53522C00D4A55E /* NewsFeature.swift in Sources */ = {isa = PBXBuildFile; fileRef = 7F452DC52B53522C00D4A55E /* NewsFeature.swift */; };
		7F452DC92B535D1600D4A55E /* News.swift in Sources */ = {isa = PBXBuildFile; fileRef = 7F452DC82B535D1600D4A55E /* News.swift */; };
		7F452DCC2B54A22E00D4A55E /* UserDefaultsProvider.swift in Sources */ = {isa = PBXBuildFile; fileRef = 7F452DCB2B54A22E00D4A55E /* UserDefaultsProvider.swift */; };
		7F452DCF2B54BAF700D4A55E /* LikedFeature.swift in Sources */ = {isa = PBXBuildFile; fileRef = 7F452DCE2B54BAF700D4A55E /* LikedFeature.swift */; };
		7F452DD22B54BB7400D4A55E /* NewsRepository.swift in Sources */ = {isa = PBXBuildFile; fileRef = 7F452DD12B54BB7400D4A55E /* NewsRepository.swift */; };
		7F452DD52B55232400D4A55E /* ArticleView.swift in Sources */ = {isa = PBXBuildFile; fileRef = 7F452DD42B55232400D4A55E /* ArticleView.swift */; };
		7F452DD82B55428700D4A55E /* AppFeature.swift in Sources */ = {isa = PBXBuildFile; fileRef = 7F452DD72B55428700D4A55E /* AppFeature.swift */; };
/* End PBXBuildFile section */

/* Begin PBXContainerItemProxy section */
		7F452DA22B532D4800D4A55E /* PBXContainerItemProxy */ = {
			isa = PBXContainerItemProxy;
			containerPortal = 7F452D892B532D4700D4A55E /* Project object */;
			proxyType = 1;
			remoteGlobalIDString = 7F452D902B532D4700D4A55E;
			remoteInfo = TheComposableArchitectureSample;
		};
		7F452DAC2B532D4800D4A55E /* PBXContainerItemProxy */ = {
			isa = PBXContainerItemProxy;
			containerPortal = 7F452D892B532D4700D4A55E /* Project object */;
			proxyType = 1;
			remoteGlobalIDString = 7F452D902B532D4700D4A55E;
			remoteInfo = TheComposableArchitectureSample;
		};
/* End PBXContainerItemProxy section */

/* Begin PBXFileReference section */
		7F452D912B532D4700D4A55E /* TheComposableArchitectureSample.app */ = {isa = PBXFileReference; explicitFileType = wrapper.application; includeInIndex = 0; path = TheComposableArchitectureSample.app; sourceTree = BUILT_PRODUCTS_DIR; };
		7F452D942B532D4700D4A55E /* TheComposableArchitectureSampleApp.swift */ = {isa = PBXFileReference; lastKnownFileType = sourcecode.swift; path = TheComposableArchitectureSampleApp.swift; sourceTree = "<group>"; };
		7F452D962B532D4700D4A55E /* ContentView.swift */ = {isa = PBXFileReference; lastKnownFileType = sourcecode.swift; path = ContentView.swift; sourceTree = "<group>"; };
		7F452D982B532D4800D4A55E /* Assets.xcassets */ = {isa = PBXFileReference; lastKnownFileType = folder.assetcatalog; path = Assets.xcassets; sourceTree = "<group>"; };
		7F452D9B2B532D4800D4A55E /* Preview Assets.xcassets */ = {isa = PBXFileReference; lastKnownFileType = folder.assetcatalog; path = "Preview Assets.xcassets"; sourceTree = "<group>"; };
		7F452DA12B532D4800D4A55E /* TheComposableArchitectureSampleTests.xctest */ = {isa = PBXFileReference; explicitFileType = wrapper.cfbundle; includeInIndex = 0; path = TheComposableArchitectureSampleTests.xctest; sourceTree = BUILT_PRODUCTS_DIR; };
		7F452DA52B532D4800D4A55E /* TheComposableArchitectureSampleTests.swift */ = {isa = PBXFileReference; lastKnownFileType = sourcecode.swift; path = TheComposableArchitectureSampleTests.swift; sourceTree = "<group>"; };
		7F452DAB2B532D4800D4A55E /* TheComposableArchitectureSampleUITests.xctest */ = {isa = PBXFileReference; explicitFileType = wrapper.cfbundle; includeInIndex = 0; path = TheComposableArchitectureSampleUITests.xctest; sourceTree = BUILT_PRODUCTS_DIR; };
		7F452DAF2B532D4800D4A55E /* TheComposableArchitectureSampleUITests.swift */ = {isa = PBXFileReference; lastKnownFileType = sourcecode.swift; path = TheComposableArchitectureSampleUITests.swift; sourceTree = "<group>"; };
		7F452DB12B532D4800D4A55E /* TheComposableArchitectureSampleUITestsLaunchTests.swift */ = {isa = PBXFileReference; lastKnownFileType = sourcecode.swift; path = TheComposableArchitectureSampleUITestsLaunchTests.swift; sourceTree = "<group>"; };
		7F452DC22B53327B00D4A55E /* CounterFeature.swift */ = {isa = PBXFileReference; lastKnownFileType = sourcecode.swift; path = CounterFeature.swift; sourceTree = "<group>"; };
		7F452DC52B53522C00D4A55E /* NewsFeature.swift */ = {isa = PBXFileReference; lastKnownFileType = sourcecode.swift; path = NewsFeature.swift; sourceTree = "<group>"; };
		7F452DC82B535D1600D4A55E /* News.swift */ = {isa = PBXFileReference; lastKnownFileType = sourcecode.swift; path = News.swift; sourceTree = "<group>"; };
		7F452DCB2B54A22E00D4A55E /* UserDefaultsProvider.swift */ = {isa = PBXFileReference; lastKnownFileType = sourcecode.swift; path = UserDefaultsProvider.swift; sourceTree = "<group>"; };
		7F452DCE2B54BAF700D4A55E /* LikedFeature.swift */ = {isa = PBXFileReference; lastKnownFileType = sourcecode.swift; path = LikedFeature.swift; sourceTree = "<group>"; };
		7F452DD12B54BB7400D4A55E /* NewsRepository.swift */ = {isa = PBXFileReference; lastKnownFileType = sourcecode.swift; path = NewsRepository.swift; sourceTree = "<group>"; };
		7F452DD42B55232400D4A55E /* ArticleView.swift */ = {isa = PBXFileReference; lastKnownFileType = sourcecode.swift; path = ArticleView.swift; sourceTree = "<group>"; };
		7F452DD72B55428700D4A55E /* AppFeature.swift */ = {isa = PBXFileReference; lastKnownFileType = sourcecode.swift; path = AppFeature.swift; sourceTree = "<group>"; };
/* End PBXFileReference section */

/* Begin PBXFrameworksBuildPhase section */
		7F452D8E2B532D4700D4A55E /* Frameworks */ = {
			isa = PBXFrameworksBuildPhase;
			buildActionMask = 2147483647;
			files = (
				7F452DC02B53318700D4A55E /* ComposableArchitecture in Frameworks */,
			);
			runOnlyForDeploymentPostprocessing = 0;
		};
		7F452D9E2B532D4800D4A55E /* Frameworks */ = {
			isa = PBXFrameworksBuildPhase;
			buildActionMask = 2147483647;
			files = (
			);
			runOnlyForDeploymentPostprocessing = 0;
		};
		7F452DA82B532D4800D4A55E /* Frameworks */ = {
			isa = PBXFrameworksBuildPhase;
			buildActionMask = 2147483647;
			files = (
			);
			runOnlyForDeploymentPostprocessing = 0;
		};
/* End PBXFrameworksBuildPhase section */

/* Begin PBXGroup section */
		7F452D882B532D4700D4A55E = {
			isa = PBXGroup;
			children = (
				7F452D932B532D4700D4A55E /* TheComposableArchitectureSample */,
				7F452DA42B532D4800D4A55E /* TheComposableArchitectureSampleTests */,
				7F452DAE2B532D4800D4A55E /* TheComposableArchitectureSampleUITests */,
				7F452D922B532D4700D4A55E /* Products */,
			);
			sourceTree = "<group>";
		};
		7F452D922B532D4700D4A55E /* Products */ = {
			isa = PBXGroup;
			children = (
				7F452D912B532D4700D4A55E /* TheComposableArchitectureSample.app */,
				7F452DA12B532D4800D4A55E /* TheComposableArchitectureSampleTests.xctest */,
				7F452DAB2B532D4800D4A55E /* TheComposableArchitectureSampleUITests.xctest */,
			);
			name = Products;
			sourceTree = "<group>";
		};
		7F452D932B532D4700D4A55E /* TheComposableArchitectureSample */ = {
			isa = PBXGroup;
			children = (
				7F452DD62B55427700D4A55E /* AppFeature */,
				7F452DD32B55230C00D4A55E /* Views */,
				7F452DD02B54BB2F00D4A55E /* Repository */,
				7F452DCD2B54BADE00D4A55E /* LikedFeature */,
				7F452DCA2B54A22000D4A55E /* Utilities */,
				7F452DC72B535D0B00D4A55E /* Model */,
				7F452DC42B53520300D4A55E /* NewsFeature */,
				7F452DC12B53324C00D4A55E /* Course */,
				7F452D942B532D4700D4A55E /* TheComposableArchitectureSampleApp.swift */,
				7F452D962B532D4700D4A55E /* ContentView.swift */,
				7F452D982B532D4800D4A55E /* Assets.xcassets */,
				7F452D9A2B532D4800D4A55E /* Preview Content */,
			);
			path = TheComposableArchitectureSample;
			sourceTree = "<group>";
		};
		7F452D9A2B532D4800D4A55E /* Preview Content */ = {
			isa = PBXGroup;
			children = (
				7F452D9B2B532D4800D4A55E /* Preview Assets.xcassets */,
			);
			path = "Preview Content";
			sourceTree = "<group>";
		};
		7F452DA42B532D4800D4A55E /* TheComposableArchitectureSampleTests */ = {
			isa = PBXGroup;
			children = (
				7F452DA52B532D4800D4A55E /* TheComposableArchitectureSampleTests.swift */,
			);
			path = TheComposableArchitectureSampleTests;
			sourceTree = "<group>";
		};
		7F452DAE2B532D4800D4A55E /* TheComposableArchitectureSampleUITests */ = {
			isa = PBXGroup;
			children = (
				7F452DAF2B532D4800D4A55E /* TheComposableArchitectureSampleUITests.swift */,
				7F452DB12B532D4800D4A55E /* TheComposableArchitectureSampleUITestsLaunchTests.swift */,
			);
			path = TheComposableArchitectureSampleUITests;
			sourceTree = "<group>";
		};
		7F452DC12B53324C00D4A55E /* Course */ = {
			isa = PBXGroup;
			children = (
				7F452DC22B53327B00D4A55E /* CounterFeature.swift */,
			);
			path = Course;
			sourceTree = "<group>";
		};
		7F452DC42B53520300D4A55E /* NewsFeature */ = {
			isa = PBXGroup;
			children = (
				7F452DC52B53522C00D4A55E /* NewsFeature.swift */,
			);
			path = NewsFeature;
			sourceTree = "<group>";
		};
		7F452DC72B535D0B00D4A55E /* Model */ = {
			isa = PBXGroup;
			children = (
				7F452DC82B535D1600D4A55E /* News.swift */,
			);
			path = Model;
			sourceTree = "<group>";
		};
		7F452DCA2B54A22000D4A55E /* Utilities */ = {
			isa = PBXGroup;
			children = (
				7F452DCB2B54A22E00D4A55E /* UserDefaultsProvider.swift */,
			);
			path = Utilities;
			sourceTree = "<group>";
		};
		7F452DCD2B54BADE00D4A55E /* LikedFeature */ = {
			isa = PBXGroup;
			children = (
				7F452DCE2B54BAF700D4A55E /* LikedFeature.swift */,
			);
			path = LikedFeature;
			sourceTree = "<group>";
		};
		7F452DD02B54BB2F00D4A55E /* Repository */ = {
			isa = PBXGroup;
			children = (
				7F452DD12B54BB7400D4A55E /* NewsRepository.swift */,
			);
			path = Repository;
			sourceTree = "<group>";
		};
		7F452DD32B55230C00D4A55E /* Views */ = {
			isa = PBXGroup;
			children = (
				7F452DD42B55232400D4A55E /* ArticleView.swift */,
			);
			path = Views;
			sourceTree = "<group>";
		};
		7F452DD62B55427700D4A55E /* AppFeature */ = {
			isa = PBXGroup;
			children = (
				7F452DD72B55428700D4A55E /* AppFeature.swift */,
			);
			path = AppFeature;
			sourceTree = "<group>";
		};
/* End PBXGroup section */

/* Begin PBXNativeTarget section */
		7F452D902B532D4700D4A55E /* TheComposableArchitectureSample */ = {
			isa = PBXNativeTarget;
			buildConfigurationList = 7F452DB52B532D4800D4A55E /* Build configuration list for PBXNativeTarget "TheComposableArchitectureSample" */;
			buildPhases = (
				7F452D8D2B532D4700D4A55E /* Sources */,
				7F452D8E2B532D4700D4A55E /* Frameworks */,
				7F452D8F2B532D4700D4A55E /* Resources */,
			);
			buildRules = (
			);
			dependencies = (
			);
			name = TheComposableArchitectureSample;
			packageProductDependencies = (
				7F452DBF2B53318700D4A55E /* ComposableArchitecture */,
			);
			productName = TheComposableArchitectureSample;
			productReference = 7F452D912B532D4700D4A55E /* TheComposableArchitectureSample.app */;
			productType = "com.apple.product-type.application";
		};
		7F452DA02B532D4800D4A55E /* TheComposableArchitectureSampleTests */ = {
			isa = PBXNativeTarget;
			buildConfigurationList = 7F452DB82B532D4800D4A55E /* Build configuration list for PBXNativeTarget "TheComposableArchitectureSampleTests" */;
			buildPhases = (
				7F452D9D2B532D4800D4A55E /* Sources */,
				7F452D9E2B532D4800D4A55E /* Frameworks */,
				7F452D9F2B532D4800D4A55E /* Resources */,
			);
			buildRules = (
			);
			dependencies = (
				7F452DA32B532D4800D4A55E /* PBXTargetDependency */,
			);
			name = TheComposableArchitectureSampleTests;
			productName = TheComposableArchitectureSampleTests;
			productReference = 7F452DA12B532D4800D4A55E /* TheComposableArchitectureSampleTests.xctest */;
			productType = "com.apple.product-type.bundle.unit-test";
		};
		7F452DAA2B532D4800D4A55E /* TheComposableArchitectureSampleUITests */ = {
			isa = PBXNativeTarget;
			buildConfigurationList = 7F452DBB2B532D4800D4A55E /* Build configuration list for PBXNativeTarget "TheComposableArchitectureSampleUITests" */;
			buildPhases = (
				7F452DA72B532D4800D4A55E /* Sources */,
				7F452DA82B532D4800D4A55E /* Frameworks */,
				7F452DA92B532D4800D4A55E /* Resources */,
			);
			buildRules = (
			);
			dependencies = (
				7F452DAD2B532D4800D4A55E /* PBXTargetDependency */,
			);
			name = TheComposableArchitectureSampleUITests;
			productName = TheComposableArchitectureSampleUITests;
			productReference = 7F452DAB2B532D4800D4A55E /* TheComposableArchitectureSampleUITests.xctest */;
			productType = "com.apple.product-type.bundle.ui-testing";
		};
/* End PBXNativeTarget section */

/* Begin PBXProject section */
		7F452D892B532D4700D4A55E /* Project object */ = {
			isa = PBXProject;
			attributes = {
				BuildIndependentTargetsInParallel = 1;
				LastSwiftUpdateCheck = 1510;
				LastUpgradeCheck = 1510;
				TargetAttributes = {
					7F452D902B532D4700D4A55E = {
						CreatedOnToolsVersion = 15.1;
					};
					7F452DA02B532D4800D4A55E = {
						CreatedOnToolsVersion = 15.1;
						TestTargetID = 7F452D902B532D4700D4A55E;
					};
					7F452DAA2B532D4800D4A55E = {
						CreatedOnToolsVersion = 15.1;
						TestTargetID = 7F452D902B532D4700D4A55E;
					};
				};
			};
			buildConfigurationList = 7F452D8C2B532D4700D4A55E /* Build configuration list for PBXProject "TheComposableArchitectureSample" */;
			compatibilityVersion = "Xcode 14.0";
			developmentRegion = en;
			hasScannedForEncodings = 0;
			knownRegions = (
				en,
				Base,
			);
			mainGroup = 7F452D882B532D4700D4A55E;
			packageReferences = (
				7F452DBE2B53318700D4A55E /* XCRemoteSwiftPackageReference "swift-composable-architecture" */,
			);
			productRefGroup = 7F452D922B532D4700D4A55E /* Products */;
			projectDirPath = "";
			projectRoot = "";
			targets = (
				7F452D902B532D4700D4A55E /* TheComposableArchitectureSample */,
				7F452DA02B532D4800D4A55E /* TheComposableArchitectureSampleTests */,
				7F452DAA2B532D4800D4A55E /* TheComposableArchitectureSampleUITests */,
			);
		};
/* End PBXProject section */

/* Begin PBXResourcesBuildPhase section */
		7F452D8F2B532D4700D4A55E /* Resources */ = {
			isa = PBXResourcesBuildPhase;
			buildActionMask = 2147483647;
			files = (
				7F452D9C2B532D4800D4A55E /* Preview Assets.xcassets in Resources */,
				7F452D992B532D4800D4A55E /* Assets.xcassets in Resources */,
			);
			runOnlyForDeploymentPostprocessing = 0;
		};
		7F452D9F2B532D4800D4A55E /* Resources */ = {
			isa = PBXResourcesBuildPhase;
			buildActionMask = 2147483647;
			files = (
			);
			runOnlyForDeploymentPostprocessing = 0;
		};
		7F452DA92B532D4800D4A55E /* Resources */ = {
			isa = PBXResourcesBuildPhase;
			buildActionMask = 2147483647;
			files = (
			);
			runOnlyForDeploymentPostprocessing = 0;
		};
/* End PBXResourcesBuildPhase section */

/* Begin PBXSourcesBuildPhase section */
		7F452D8D2B532D4700D4A55E /* Sources */ = {
			isa = PBXSourcesBuildPhase;
			buildActionMask = 2147483647;
			files = (
				7F452DC32B53327B00D4A55E /* CounterFeature.swift in Sources */,
				7F452DCF2B54BAF700D4A55E /* LikedFeature.swift in Sources */,
				7F452DC62B53522C00D4A55E /* NewsFeature.swift in Sources */,
				7F452D972B532D4700D4A55E /* ContentView.swift in Sources */,
				7F452DD22B54BB7400D4A55E /* NewsRepository.swift in Sources */,
				7F452DC92B535D1600D4A55E /* News.swift in Sources */,
				7F452DD82B55428700D4A55E /* AppFeature.swift in Sources */,
				7F452D952B532D4700D4A55E /* TheComposableArchitectureSampleApp.swift in Sources */,
				7F452DD52B55232400D4A55E /* ArticleView.swift in Sources */,
				7F452DCC2B54A22E00D4A55E /* UserDefaultsProvider.swift in Sources */,
			);
			runOnlyForDeploymentPostprocessing = 0;
		};
		7F452D9D2B532D4800D4A55E /* Sources */ = {
			isa = PBXSourcesBuildPhase;
			buildActionMask = 2147483647;
			files = (
				7F452DA62B532D4800D4A55E /* TheComposableArchitectureSampleTests.swift in Sources */,
			);
			runOnlyForDeploymentPostprocessing = 0;
		};
		7F452DA72B532D4800D4A55E /* Sources */ = {
			isa = PBXSourcesBuildPhase;
			buildActionMask = 2147483647;
			files = (
				7F452DB22B532D4800D4A55E /* TheComposableArchitectureSampleUITestsLaunchTests.swift in Sources */,
				7F452DB02B532D4800D4A55E /* TheComposableArchitectureSampleUITests.swift in Sources */,
			);
			runOnlyForDeploymentPostprocessing = 0;
		};
/* End PBXSourcesBuildPhase section */

/* Begin PBXTargetDependency section */
		7F452DA32B532D4800D4A55E /* PBXTargetDependency */ = {
			isa = PBXTargetDependency;
			target = 7F452D902B532D4700D4A55E /* TheComposableArchitectureSample */;
			targetProxy = 7F452DA22B532D4800D4A55E /* PBXContainerItemProxy */;
		};
		7F452DAD2B532D4800D4A55E /* PBXTargetDependency */ = {
			isa = PBXTargetDependency;
			target = 7F452D902B532D4700D4A55E /* TheComposableArchitectureSample */;
			targetProxy = 7F452DAC2B532D4800D4A55E /* PBXContainerItemProxy */;
		};
/* End PBXTargetDependency section */

/* Begin XCBuildConfiguration section */
		7F452DB32B532D4800D4A55E /* Debug */ = {
			isa = XCBuildConfiguration;
			buildSettings = {
				ALWAYS_SEARCH_USER_PATHS = NO;
				ASSETCATALOG_COMPILER_GENERATE_SWIFT_ASSET_SYMBOL_EXTENSIONS = YES;
				CLANG_ANALYZER_NONNULL = YES;
				CLANG_ANALYZER_NUMBER_OBJECT_CONVERSION = YES_AGGRESSIVE;
				CLANG_CXX_LANGUAGE_STANDARD = "gnu++20";
				CLANG_ENABLE_MODULES = YES;
				CLANG_ENABLE_OBJC_ARC = YES;
				CLANG_ENABLE_OBJC_WEAK = YES;
				CLANG_WARN_BLOCK_CAPTURE_AUTORELEASING = YES;
				CLANG_WARN_BOOL_CONVERSION = YES;
				CLANG_WARN_COMMA = YES;
				CLANG_WARN_CONSTANT_CONVERSION = YES;
				CLANG_WARN_DEPRECATED_OBJC_IMPLEMENTATIONS = YES;
				CLANG_WARN_DIRECT_OBJC_ISA_USAGE = YES_ERROR;
				CLANG_WARN_DOCUMENTATION_COMMENTS = YES;
				CLANG_WARN_EMPTY_BODY = YES;
				CLANG_WARN_ENUM_CONVERSION = YES;
				CLANG_WARN_INFINITE_RECURSION = YES;
				CLANG_WARN_INT_CONVERSION = YES;
				CLANG_WARN_NON_LITERAL_NULL_CONVERSION = YES;
				CLANG_WARN_OBJC_IMPLICIT_RETAIN_SELF = YES;
				CLANG_WARN_OBJC_LITERAL_CONVERSION = YES;
				CLANG_WARN_OBJC_ROOT_CLASS = YES_ERROR;
				CLANG_WARN_QUOTED_INCLUDE_IN_FRAMEWORK_HEADER = YES;
				CLANG_WARN_RANGE_LOOP_ANALYSIS = YES;
				CLANG_WARN_STRICT_PROTOTYPES = YES;
				CLANG_WARN_SUSPICIOUS_MOVE = YES;
				CLANG_WARN_UNGUARDED_AVAILABILITY = YES_AGGRESSIVE;
				CLANG_WARN_UNREACHABLE_CODE = YES;
				CLANG_WARN__DUPLICATE_METHOD_MATCH = YES;
				COPY_PHASE_STRIP = NO;
				DEBUG_INFORMATION_FORMAT = dwarf;
				ENABLE_STRICT_OBJC_MSGSEND = YES;
				ENABLE_TESTABILITY = YES;
				ENABLE_USER_SCRIPT_SANDBOXING = YES;
				GCC_C_LANGUAGE_STANDARD = gnu17;
				GCC_DYNAMIC_NO_PIC = NO;
				GCC_NO_COMMON_BLOCKS = YES;
				GCC_OPTIMIZATION_LEVEL = 0;
				GCC_PREPROCESSOR_DEFINITIONS = (
					"DEBUG=1",
					"$(inherited)",
				);
				GCC_WARN_64_TO_32_BIT_CONVERSION = YES;
				GCC_WARN_ABOUT_RETURN_TYPE = YES_ERROR;
				GCC_WARN_UNDECLARED_SELECTOR = YES;
				GCC_WARN_UNINITIALIZED_AUTOS = YES_AGGRESSIVE;
				GCC_WARN_UNUSED_FUNCTION = YES;
				GCC_WARN_UNUSED_VARIABLE = YES;
				IPHONEOS_DEPLOYMENT_TARGET = 17.2;
				LOCALIZATION_PREFERS_STRING_CATALOGS = YES;
				MTL_ENABLE_DEBUG_INFO = INCLUDE_SOURCE;
				MTL_FAST_MATH = YES;
				ONLY_ACTIVE_ARCH = YES;
				SDKROOT = iphoneos;
				SWIFT_ACTIVE_COMPILATION_CONDITIONS = "DEBUG $(inherited)";
				SWIFT_OPTIMIZATION_LEVEL = "-Onone";
			};
			name = Debug;
		};
		7F452DB42B532D4800D4A55E /* Release */ = {
			isa = XCBuildConfiguration;
			buildSettings = {
				ALWAYS_SEARCH_USER_PATHS = NO;
				ASSETCATALOG_COMPILER_GENERATE_SWIFT_ASSET_SYMBOL_EXTENSIONS = YES;
				CLANG_ANALYZER_NONNULL = YES;
				CLANG_ANALYZER_NUMBER_OBJECT_CONVERSION = YES_AGGRESSIVE;
				CLANG_CXX_LANGUAGE_STANDARD = "gnu++20";
				CLANG_ENABLE_MODULES = YES;
				CLANG_ENABLE_OBJC_ARC = YES;
				CLANG_ENABLE_OBJC_WEAK = YES;
				CLANG_WARN_BLOCK_CAPTURE_AUTORELEASING = YES;
				CLANG_WARN_BOOL_CONVERSION = YES;
				CLANG_WARN_COMMA = YES;
				CLANG_WARN_CONSTANT_CONVERSION = YES;
				CLANG_WARN_DEPRECATED_OBJC_IMPLEMENTATIONS = YES;
				CLANG_WARN_DIRECT_OBJC_ISA_USAGE = YES_ERROR;
				CLANG_WARN_DOCUMENTATION_COMMENTS = YES;
				CLANG_WARN_EMPTY_BODY = YES;
				CLANG_WARN_ENUM_CONVERSION = YES;
				CLANG_WARN_INFINITE_RECURSION = YES;
				CLANG_WARN_INT_CONVERSION = YES;
				CLANG_WARN_NON_LITERAL_NULL_CONVERSION = YES;
				CLANG_WARN_OBJC_IMPLICIT_RETAIN_SELF = YES;
				CLANG_WARN_OBJC_LITERAL_CONVERSION = YES;
				CLANG_WARN_OBJC_ROOT_CLASS = YES_ERROR;
				CLANG_WARN_QUOTED_INCLUDE_IN_FRAMEWORK_HEADER = YES;
				CLANG_WARN_RANGE_LOOP_ANALYSIS = YES;
				CLANG_WARN_STRICT_PROTOTYPES = YES;
				CLANG_WARN_SUSPICIOUS_MOVE = YES;
				CLANG_WARN_UNGUARDED_AVAILABILITY = YES_AGGRESSIVE;
				CLANG_WARN_UNREACHABLE_CODE = YES;
				CLANG_WARN__DUPLICATE_METHOD_MATCH = YES;
				COPY_PHASE_STRIP = NO;
				DEBUG_INFORMATION_FORMAT = "dwarf-with-dsym";
				ENABLE_NS_ASSERTIONS = NO;
				ENABLE_STRICT_OBJC_MSGSEND = YES;
				ENABLE_USER_SCRIPT_SANDBOXING = YES;
				GCC_C_LANGUAGE_STANDARD = gnu17;
				GCC_NO_COMMON_BLOCKS = YES;
				GCC_WARN_64_TO_32_BIT_CONVERSION = YES;
				GCC_WARN_ABOUT_RETURN_TYPE = YES_ERROR;
				GCC_WARN_UNDECLARED_SELECTOR = YES;
				GCC_WARN_UNINITIALIZED_AUTOS = YES_AGGRESSIVE;
				GCC_WARN_UNUSED_FUNCTION = YES;
				GCC_WARN_UNUSED_VARIABLE = YES;
				IPHONEOS_DEPLOYMENT_TARGET = 17.2;
				LOCALIZATION_PREFERS_STRING_CATALOGS = YES;
				MTL_ENABLE_DEBUG_INFO = NO;
				MTL_FAST_MATH = YES;
				SDKROOT = iphoneos;
				SWIFT_COMPILATION_MODE = wholemodule;
				VALIDATE_PRODUCT = YES;
			};
			name = Release;
		};
		7F452DB62B532D4800D4A55E /* Debug */ = {
			isa = XCBuildConfiguration;
			buildSettings = {
				ASSETCATALOG_COMPILER_APPICON_NAME = AppIcon;
				ASSETCATALOG_COMPILER_GLOBAL_ACCENT_COLOR_NAME = AccentColor;
				CODE_SIGN_STYLE = Automatic;
				CURRENT_PROJECT_VERSION = 1;
				DEVELOPMENT_ASSET_PATHS = "\"TheComposableArchitectureSample/Preview Content\"";
				ENABLE_PREVIEWS = YES;
				GENERATE_INFOPLIST_FILE = YES;
				INFOPLIST_KEY_UIApplicationSceneManifest_Generation = YES;
				INFOPLIST_KEY_UIApplicationSupportsIndirectInputEvents = YES;
				INFOPLIST_KEY_UILaunchScreen_Generation = YES;
				INFOPLIST_KEY_UISupportedInterfaceOrientations_iPad = "UIInterfaceOrientationPortrait UIInterfaceOrientationPortraitUpsideDown UIInterfaceOrientationLandscapeLeft UIInterfaceOrientationLandscapeRight";
				INFOPLIST_KEY_UISupportedInterfaceOrientations_iPhone = "UIInterfaceOrientationPortrait UIInterfaceOrientationLandscapeLeft UIInterfaceOrientationLandscapeRight";
				LD_RUNPATH_SEARCH_PATHS = (
					"$(inherited)",
					"@executable_path/Frameworks",
				);
				MARKETING_VERSION = 1.0;
				PRODUCT_BUNDLE_IDENTIFIER = None.TheComposableArchitectureSample;
				PRODUCT_NAME = "$(TARGET_NAME)";
				SWIFT_EMIT_LOC_STRINGS = YES;
				SWIFT_VERSION = 5.0;
				TARGETED_DEVICE_FAMILY = "1,2";
			};
			name = Debug;
		};
		7F452DB72B532D4800D4A55E /* Release */ = {
			isa = XCBuildConfiguration;
			buildSettings = {
				ASSETCATALOG_COMPILER_APPICON_NAME = AppIcon;
				ASSETCATALOG_COMPILER_GLOBAL_ACCENT_COLOR_NAME = AccentColor;
				CODE_SIGN_STYLE = Automatic;
				CURRENT_PROJECT_VERSION = 1;
				DEVELOPMENT_ASSET_PATHS = "\"TheComposableArchitectureSample/Preview Content\"";
				ENABLE_PREVIEWS = YES;
				GENERATE_INFOPLIST_FILE = YES;
				INFOPLIST_KEY_UIApplicationSceneManifest_Generation = YES;
				INFOPLIST_KEY_UIApplicationSupportsIndirectInputEvents = YES;
				INFOPLIST_KEY_UILaunchScreen_Generation = YES;
				INFOPLIST_KEY_UISupportedInterfaceOrientations_iPad = "UIInterfaceOrientationPortrait UIInterfaceOrientationPortraitUpsideDown UIInterfaceOrientationLandscapeLeft UIInterfaceOrientationLandscapeRight";
				INFOPLIST_KEY_UISupportedInterfaceOrientations_iPhone = "UIInterfaceOrientationPortrait UIInterfaceOrientationLandscapeLeft UIInterfaceOrientationLandscapeRight";
				LD_RUNPATH_SEARCH_PATHS = (
					"$(inherited)",
					"@executable_path/Frameworks",
				);
				MARKETING_VERSION = 1.0;
				PRODUCT_BUNDLE_IDENTIFIER = None.TheComposableArchitectureSample;
				PRODUCT_NAME = "$(TARGET_NAME)";
				SWIFT_EMIT_LOC_STRINGS = YES;
				SWIFT_VERSION = 5.0;
				TARGETED_DEVICE_FAMILY = "1,2";
			};
			name = Release;
		};
		7F452DB92B532D4800D4A55E /* Debug */ = {
			isa = XCBuildConfiguration;
			buildSettings = {
				ALWAYS_EMBED_SWIFT_STANDARD_LIBRARIES = YES;
				BUNDLE_LOADER = "$(TEST_HOST)";
				CODE_SIGN_STYLE = Automatic;
				CURRENT_PROJECT_VERSION = 1;
				GENERATE_INFOPLIST_FILE = YES;
				IPHONEOS_DEPLOYMENT_TARGET = 17.2;
				MARKETING_VERSION = 1.0;
				PRODUCT_BUNDLE_IDENTIFIER = None.TheComposableArchitectureSampleTests;
				PRODUCT_NAME = "$(TARGET_NAME)";
				SWIFT_EMIT_LOC_STRINGS = NO;
				SWIFT_VERSION = 5.0;
				TARGETED_DEVICE_FAMILY = "1,2";
				TEST_HOST = "$(BUILT_PRODUCTS_DIR)/TheComposableArchitectureSample.app/$(BUNDLE_EXECUTABLE_FOLDER_PATH)/TheComposableArchitectureSample";
			};
			name = Debug;
		};
		7F452DBA2B532D4800D4A55E /* Release */ = {
			isa = XCBuildConfiguration;
			buildSettings = {
				ALWAYS_EMBED_SWIFT_STANDARD_LIBRARIES = YES;
				BUNDLE_LOADER = "$(TEST_HOST)";
				CODE_SIGN_STYLE = Automatic;
				CURRENT_PROJECT_VERSION = 1;
				GENERATE_INFOPLIST_FILE = YES;
				IPHONEOS_DEPLOYMENT_TARGET = 17.2;
				MARKETING_VERSION = 1.0;
				PRODUCT_BUNDLE_IDENTIFIER = None.TheComposableArchitectureSampleTests;
				PRODUCT_NAME = "$(TARGET_NAME)";
				SWIFT_EMIT_LOC_STRINGS = NO;
				SWIFT_VERSION = 5.0;
				TARGETED_DEVICE_FAMILY = "1,2";
				TEST_HOST = "$(BUILT_PRODUCTS_DIR)/TheComposableArchitectureSample.app/$(BUNDLE_EXECUTABLE_FOLDER_PATH)/TheComposableArchitectureSample";
			};
			name = Release;
		};
		7F452DBC2B532D4800D4A55E /* Debug */ = {
			isa = XCBuildConfiguration;
			buildSettings = {
				ALWAYS_EMBED_SWIFT_STANDARD_LIBRARIES = YES;
				CODE_SIGN_STYLE = Automatic;
				CURRENT_PROJECT_VERSION = 1;
				GENERATE_INFOPLIST_FILE = YES;
				MARKETING_VERSION = 1.0;
				PRODUCT_BUNDLE_IDENTIFIER = None.TheComposableArchitectureSampleUITests;
				PRODUCT_NAME = "$(TARGET_NAME)";
				SWIFT_EMIT_LOC_STRINGS = NO;
				SWIFT_VERSION = 5.0;
				TARGETED_DEVICE_FAMILY = "1,2";
				TEST_TARGET_NAME = TheComposableArchitectureSample;
			};
			name = Debug;
		};
		7F452DBD2B532D4800D4A55E /* Release */ = {
			isa = XCBuildConfiguration;
			buildSettings = {
				ALWAYS_EMBED_SWIFT_STANDARD_LIBRARIES = YES;
				CODE_SIGN_STYLE = Automatic;
				CURRENT_PROJECT_VERSION = 1;
				GENERATE_INFOPLIST_FILE = YES;
				MARKETING_VERSION = 1.0;
				PRODUCT_BUNDLE_IDENTIFIER = None.TheComposableArchitectureSampleUITests;
				PRODUCT_NAME = "$(TARGET_NAME)";
				SWIFT_EMIT_LOC_STRINGS = NO;
				SWIFT_VERSION = 5.0;
				TARGETED_DEVICE_FAMILY = "1,2";
				TEST_TARGET_NAME = TheComposableArchitectureSample;
			};
			name = Release;
		};
/* End XCBuildConfiguration section */

/* Begin XCConfigurationList section */
		7F452D8C2B532D4700D4A55E /* Build configuration list for PBXProject "TheComposableArchitectureSample" */ = {
			isa = XCConfigurationList;
			buildConfigurations = (
				7F452DB32B532D4800D4A55E /* Debug */,
				7F452DB42B532D4800D4A55E /* Release */,
			);
			defaultConfigurationIsVisible = 0;
			defaultConfigurationName = Release;
		};
		7F452DB52B532D4800D4A55E /* Build configuration list for PBXNativeTarget "TheComposableArchitectureSample" */ = {
			isa = XCConfigurationList;
			buildConfigurations = (
				7F452DB62B532D4800D4A55E /* Debug */,
				7F452DB72B532D4800D4A55E /* Release */,
			);
			defaultConfigurationIsVisible = 0;
			defaultConfigurationName = Release;
		};
		7F452DB82B532D4800D4A55E /* Build configuration list for PBXNativeTarget "TheComposableArchitectureSampleTests" */ = {
			isa = XCConfigurationList;
			buildConfigurations = (
				7F452DB92B532D4800D4A55E /* Debug */,
				7F452DBA2B532D4800D4A55E /* Release */,
			);
			defaultConfigurationIsVisible = 0;
			defaultConfigurationName = Release;
		};
		7F452DBB2B532D4800D4A55E /* Build configuration list for PBXNativeTarget "TheComposableArchitectureSampleUITests" */ = {
			isa = XCConfigurationList;
			buildConfigurations = (
				7F452DBC2B532D4800D4A55E /* Debug */,
				7F452DBD2B532D4800D4A55E /* Release */,
			);
			defaultConfigurationIsVisible = 0;
			defaultConfigurationName = Release;
		};
/* End XCConfigurationList section */

/* Begin XCRemoteSwiftPackageReference section */
		7F452DBE2B53318700D4A55E /* XCRemoteSwiftPackageReference "swift-composable-architecture" */ = {
			isa = XCRemoteSwiftPackageReference;
			repositoryURL = "https://github.com/pointfreeco/swift-composable-architecture";
			requirement = {
				kind = upToNextMajorVersion;
				minimumVersion = 1.6.0;
			};
		};
/* End XCRemoteSwiftPackageReference section */

/* Begin XCSwiftPackageProductDependency section */
		7F452DBF2B53318700D4A55E /* ComposableArchitecture */ = {
			isa = XCSwiftPackageProductDependency;
			package = 7F452DBE2B53318700D4A55E /* XCRemoteSwiftPackageReference "swift-composable-architecture" */;
			productName = ComposableArchitecture;
		};
/* End XCSwiftPackageProductDependency section */
	};
	rootObject = 7F452D892B532D4700D4A55E /* Project object */;
}
